{
    "_meta": {
        "hash": {
            "sha256": "2bdff1d2f840d57fe52267a134f713d45230ef5f608e0f6983a57629ddd8a830"
        },
        "pipfile-spec": 6,
        "requires": {
            "python_version": "3.9"
        },
        "sources": [
            {
                "name": "pypi",
                "url": "https://pypi.org/simple",
                "verify_ssl": true
            }
        ]
    },
    "default": {
        "bidict": {
            "hashes": [
                "sha256:1e0f7f74e4860e6d0943a05d4134c63a2fad86f3d4732fb265bd79e4e856d81d",
                "sha256:6ef212238eb884b664f28da76f33f1d28b260f665fc737b413b287d5487d1e7b"
            ],
            "markers": "python_version >= '3.7'",
            "version": "==0.22.1"
        },
        "python-engineio": {
            "hashes": [
                "sha256:28ab67f94cba2e5f598cbb04428138fd6bb8b06d3478c939412da445f24f0773",
                "sha256:eb3663ecb300195926b526386f712dff84cd092c818fb7b62eeeda9160120c29"
            ],
            "markers": "python_version >= '3.6'",
            "version": "==4.4.1"
        },
        "python-socketio": {
            "hashes": [
                "sha256:5a1b173a4c3471bed363c502a93b36a02e2a29847645c5557237b3359d49caf0",
                "sha256:6213f7dfbb87e554472d11151f96bae9059854aa88e4a1e0fa6e97cca1c3fcf4"
            ],
            "index": "pypi",
            "version": "==5.5.2"
        },
        "tornado": {
            "hashes": [
                "sha256:05615096845cf50a895026f749195bf0b10b8909f9be672f50b0fe69cba368e4",
                "sha256:0c325e66c8123c606eea33084976c832aa4e766b7dff8aedd7587ea44a604cdf",
                "sha256:29e71c847a35f6e10ca3b5c2990a52ce38b233019d8e858b755ea6ce4dcdd19d",
                "sha256:4b927c4f19b71e627b13f3db2324e4ae660527143f9e1f2e2fb404f3a187e2ba",
                "sha256:5b17b1cf5f8354efa3d37c6e28fdfd9c1c1e5122f2cb56dac121ac61baa47cbe",
                "sha256:6a0848f1aea0d196a7c4f6772197cbe2abc4266f836b0aac76947872cd29b411",
                "sha256:7efcbcc30b7c654eb6a8c9c9da787a851c18f8ccd4a5a3a95b05c7accfa068d2",
                "sha256:834ae7540ad3a83199a8da8f9f2d383e3c3d5130a328889e4cc991acc81e87a0",
                "sha256:b46a6ab20f5c7c1cb949c72c1994a4585d2eaa0be4853f50a03b5031e964fc7c",
                "sha256:c2de14066c4a38b4ecbbcd55c5cc4b5340eb04f1c5e81da7451ef555859c833f",
                "sha256:c367ab6c0393d71171123ca5515c61ff62fe09024fa6bf299cd1339dc9456829"
            ],
            "index": "pypi",
            "version": "==6.3.2"
        }
    },
    "develop": {}
}
